
Microsoft Visual Studio Solution File, Format Version 12.00
# Visual Studio 15
VisualStudioVersion = 15.0.26730.15
MinimumVisualStudioVersion = 10.0.40219.1
Project("{FAE04EC0-301F-11D3-BF4B-00C04F79EFBC}") = "Multi.Threads", "Multi.Threads.csproj", "{61D1D667-02AF-4622-9260-1D6191F2F6F6}"
EndProject
Project("{FAE04EC0-301F-11D3-BF4B-00C04F79EFBC}") = "Multi.Threads.Test", "..\Multi.Threads.Test\Multi.Threads.Test.csproj", "{415580FF-302E-4FE4-AA23-5307A61E5894}"
EndProject
Project("{FAE04EC0-301F-11D3-BF4B-00C04F79EFBC}") = "Multi.Threads.Core", "..\Multi.Threads.Core\Multi.Threads.Core.csproj", "{EAD5E5E8-9D6B-468E-914E-E78399067C00}"
EndProject
Global
	GlobalSection(SolutionConfigurationPlatforms) = preSolution
		Debug|Any CPU = Debug|Any CPU
		Release|Any CPU = Release|Any CPU
	EndGlobalSection
	GlobalSection(ProjectConfigurationPlatforms) = postSolution
		{61D1D667-02AF-4622-9260-1D6191F2F6F6}.Debug|Any CPU.ActiveCfg = Debug|Any CPU
		{61D1D667-02AF-4622-9260-1D6191F2F6F6}.Debug|Any CPU.Build.0 = Debug|Any CPU
		{61D1D667-02AF-4622-9260-1D6191F2F6F6}.Release|Any CPU.ActiveCfg = Release|Any CPU
		{61D1D667-02AF-4622-9260-1D6191F2F6F6}.Release|Any CPU.Build.0 = Release|Any CPU
		{415580FF-302E-4FE4-AA23-5307A61E5894}.Debug|Any CPU.ActiveCfg = Debug|Any CPU
		{415580FF-302E-4FE4-AA23-5307A61E5894}.Debug|Any CPU.Build.0 = Debug|Any CPU
		{415580FF-302E-4FE4-AA23-5307A61E5894}.Release|Any CPU.ActiveCfg = Release|Any CPU
		{415580FF-302E-4FE4-AA23-5307A61E5894}.Release|Any CPU.Build.0 = Release|Any CPU
		{EAD5E5E8-9D6B-468E-914E-E78399067C00}.Debug|Any CPU.ActiveCfg = Debug|Any CPU
		{EAD5E5E8-9D6B-468E-914E-E78399067C00}.Debug|Any CPU.Build.0 = Debug|Any CPU
		{EAD5E5E8-9D6B-468E-914E-E78399067C00}.Release|Any CPU.ActiveCfg = Release|Any CPU
		{EAD5E5E8-9D6B-468E-914E-E78399067C00}.Release|Any CPU.Build.0 = Release|Any CPU
	EndGlobalSection
	GlobalSection(SolutionProperties) = preSolution
		HideSolutionNode = FALSE
	EndGlobalSection
	GlobalSection(ExtensibilityGlobals) = postSolution
		SolutionGuid = {2BFE39AD-8886-4647-874F-C3BE017D7116}
	EndGlobalSection
EndGlobal
